
Microsoft Visual Studio Solution File, Format Version 12.00
# Visual Studio 15
VisualStudioVersion = 15.0.27130.2010
MinimumVisualStudioVersion = 10.0.40219.1
Project("{FAE04EC0-301F-11D3-BF4B-00C04F79EFBC}") = "HYIP", "HYIP\HYIP.csproj", "{AE2E94D4-544A-418B-8D14-0D2909C59B04}"
EndProject
Global
	GlobalSection(SolutionConfigurationPlatforms) = preSolution
		Debug|Any CPU = Debug|Any CPU
		Release|Any CPU = Release|Any CPU
	EndGlobalSection
	GlobalSection(ProjectConfigurationPlatforms) = postSolution
		{AE2E94D4-544A-418B-8D14-0D2909C59B04}.Debug|Any CPU.ActiveCfg = Debug|Any CPU
		{AE2E94D4-544A-418B-8D14-0D2909C59B04}.Debug|Any CPU.Build.0 = Debug|Any CPU
		{AE2E94D4-544A-418B-8D14-0D2909C59B04}.Release|Any CPU.ActiveCfg = Release|Any CPU
		{AE2E94D4-544A-418B-8D14-0D2909C59B04}.Release|Any CPU.Build.0 = Release|Any CPU
	EndGlobalSection
	GlobalSection(SolutionProperties) = preSolution
		HideSolutionNode = FALSE
	EndGlobalSection
	GlobalSection(ExtensibilityGlobals) = postSolution
		SolutionGuid = {8FCD94B7-7E81-4665-BA5F-7EFAB511E01B}
	EndGlobalSection
EndGlobal
